
Microsoft Visual Studio Solution File, Format Version 12.00
# Visual Studio Version 17
VisualStudioVersion = 17.8.34330.188
MinimumVisualStudioVersion = 10.0.40219.1
Project("{FAE04EC0-301F-11D3-BF4B-00C04F79EFBC}") = "kurierdpd", "kurierdpd\kurierdpd.csproj", "{9132BF0F-9817-4B6F-A3D3-A4B4328AA650}"
EndProject
Global
	GlobalSection(SolutionConfigurationPlatforms) = preSolution
		Debug|Any CPU = Debug|Any CPU
		Release|Any CPU = Release|Any CPU
	EndGlobalSection
	GlobalSection(ProjectConfigurationPlatforms) = postSolution
		{9132BF0F-9817-4B6F-A3D3-A4B4328AA650}.Debug|Any CPU.ActiveCfg = Debug|Any CPU
		{9132BF0F-9817-4B6F-A3D3-A4B4328AA650}.Debug|Any CPU.Build.0 = Debug|Any CPU
		{9132BF0F-9817-4B6F-A3D3-A4B4328AA650}.Release|Any CPU.ActiveCfg = Release|Any CPU
		{9132BF0F-9817-4B6F-A3D3-A4B4328AA650}.Release|Any CPU.Build.0 = Release|Any CPU
	EndGlobalSection
	GlobalSection(SolutionProperties) = preSolution
		HideSolutionNode = FALSE
	EndGlobalSection
	GlobalSection(ExtensibilityGlobals) = postSolution
		SolutionGuid = {D1CF5C72-1E2C-42B0-9C86-99C836D319C2}
	EndGlobalSection
EndGlobal
