
Microsoft Visual Studio Solution File, Format Version 12.00
# Visual Studio Version 17
VisualStudioVersion = 17.8.34330.188
MinimumVisualStudioVersion = 10.0.40219.1
Project("{FAE04EC0-301F-11D3-BF4B-00C04F79EFBC}") = "kolosC", "kolosC\kolosC.csproj", "{23E1FFD6-148C-482F-80F7-251FD03099E6}"
EndProject
Global
	GlobalSection(SolutionConfigurationPlatforms) = preSolution
		Debug|Any CPU = Debug|Any CPU
		Release|Any CPU = Release|Any CPU
	EndGlobalSection
	GlobalSection(ProjectConfigurationPlatforms) = postSolution
		{23E1FFD6-148C-482F-80F7-251FD03099E6}.Debug|Any CPU.ActiveCfg = Debug|Any CPU
		{23E1FFD6-148C-482F-80F7-251FD03099E6}.Debug|Any CPU.Build.0 = Debug|Any CPU
		{23E1FFD6-148C-482F-80F7-251FD03099E6}.Release|Any CPU.ActiveCfg = Release|Any CPU
		{23E1FFD6-148C-482F-80F7-251FD03099E6}.Release|Any CPU.Build.0 = Release|Any CPU
	EndGlobalSection
	GlobalSection(SolutionProperties) = preSolution
		HideSolutionNode = FALSE
	EndGlobalSection
	GlobalSection(ExtensibilityGlobals) = postSolution
		SolutionGuid = {187113A9-A481-4AB0-960B-89B722C3607F}
	EndGlobalSection
EndGlobal
