
Microsoft Visual Studio Solution File, Format Version 12.00
# Visual Studio Version 17
VisualStudioVersion = 17.8.34330.188
MinimumVisualStudioVersion = 10.0.40219.1
Project("{FAE04EC0-301F-11D3-BF4B-00C04F79EFBC}") = "kolosD", "kolosD\kolosD.csproj", "{07E4025E-1E53-483C-8AA8-8F9280D20212}"
EndProject
Global
	GlobalSection(SolutionConfigurationPlatforms) = preSolution
		Debug|Any CPU = Debug|Any CPU
		Release|Any CPU = Release|Any CPU
	EndGlobalSection
	GlobalSection(ProjectConfigurationPlatforms) = postSolution
		{07E4025E-1E53-483C-8AA8-8F9280D20212}.Debug|Any CPU.ActiveCfg = Debug|Any CPU
		{07E4025E-1E53-483C-8AA8-8F9280D20212}.Debug|Any CPU.Build.0 = Debug|Any CPU
		{07E4025E-1E53-483C-8AA8-8F9280D20212}.Release|Any CPU.ActiveCfg = Release|Any CPU
		{07E4025E-1E53-483C-8AA8-8F9280D20212}.Release|Any CPU.Build.0 = Release|Any CPU
	EndGlobalSection
	GlobalSection(SolutionProperties) = preSolution
		HideSolutionNode = FALSE
	EndGlobalSection
	GlobalSection(ExtensibilityGlobals) = postSolution
		SolutionGuid = {5D37161D-9C09-41EF-B0E5-5B461686FA83}
	EndGlobalSection
EndGlobal
